# This file is automatically @generated by Wally.
# It is not intended for manual editing.
registry = "test"

[[package]]
name = "lukadev-0/option"
version = "1.0.0"
dependencies = []

[[package]]
name = "lukadev-0/result"
version = "1.0.0"
dependencies = []

[[package]]
name = "synpixel/lune-cli-parser"
version = "0.1.0"
dependencies = [["option", "lukadev-0/option@1.0.0"], ["result", "lukadev-0/result@1.0.0"]]
